
Microsoft Visual Studio Solution File, Format Version 12.00
# Visual Studio Version 17
VisualStudioVersion = 17.1.32421.90
MinimumVisualStudioVersion = 10.0.40219.1
Project("{FAE04EC0-301F-11D3-BF4B-00C04F79EFBC}") = "ConsoleApp1", "ConsoleApp1.csproj", "{DBFE051E-0C49-4A5A-9323-EE2DAFDDD905}"
EndProject
Global
	GlobalSection(SolutionConfigurationPlatforms) = preSolution
		Debug|Any CPU = Debug|Any CPU
		Release|Any CPU = Release|Any CPU
	EndGlobalSection
	GlobalSection(ProjectConfigurationPlatforms) = postSolution
		{DBFE051E-0C49-4A5A-9323-EE2DAFDDD905}.Debug|Any CPU.ActiveCfg = Debug|Any CPU
		{DBFE051E-0C49-4A5A-9323-EE2DAFDDD905}.Debug|Any CPU.Build.0 = Debug|Any CPU
		{DBFE051E-0C49-4A5A-9323-EE2DAFDDD905}.Release|Any CPU.ActiveCfg = Release|Any CPU
		{DBFE051E-0C49-4A5A-9323-EE2DAFDDD905}.Release|Any CPU.Build.0 = Release|Any CPU
	EndGlobalSection
	GlobalSection(SolutionProperties) = preSolution
		HideSolutionNode = FALSE
	EndGlobalSection
	GlobalSection(ExtensibilityGlobals) = postSolution
		SolutionGuid = {F0BC146B-F49A-4949-875F-53BB2DB126A8}
	EndGlobalSection
EndGlobal
